
Microsoft Visual Studio Solution File, Format Version 12.00
# Visual Studio Version 17
VisualStudioVersion = 17.8.34004.107
MinimumVisualStudioVersion = 10.0.40219.1
Project("{FAE04EC0-301F-11D3-BF4B-00C04F79EFBC}") = "UsingAlias_Framework", "UsingAlias_Framework\UsingAlias_Framework.csproj", "{0D5E4DEC-CA70-4593-90A3-FAFC4DBE84DF}"
EndProject
Project("{9A19103F-16F7-4668-BE54-9A1E7A4F7556}") = "UsingAlias_Core", "UsingAlias_Core\UsingAlias_Core.csproj", "{05750381-86FF-4559-B8A6-18E2CF09227B}"
EndProject
Global
	GlobalSection(SolutionConfigurationPlatforms) = preSolution
		Debug|Any CPU = Debug|Any CPU
		Release|Any CPU = Release|Any CPU
	EndGlobalSection
	GlobalSection(ProjectConfigurationPlatforms) = postSolution
		{0D5E4DEC-CA70-4593-90A3-FAFC4DBE84DF}.Debug|Any CPU.ActiveCfg = Debug|Any CPU
		{0D5E4DEC-CA70-4593-90A3-FAFC4DBE84DF}.Debug|Any CPU.Build.0 = Debug|Any CPU
		{0D5E4DEC-CA70-4593-90A3-FAFC4DBE84DF}.Release|Any CPU.ActiveCfg = Release|Any CPU
		{0D5E4DEC-CA70-4593-90A3-FAFC4DBE84DF}.Release|Any CPU.Build.0 = Release|Any CPU
		{05750381-86FF-4559-B8A6-18E2CF09227B}.Debug|Any CPU.ActiveCfg = Debug|Any CPU
		{05750381-86FF-4559-B8A6-18E2CF09227B}.Debug|Any CPU.Build.0 = Debug|Any CPU
		{05750381-86FF-4559-B8A6-18E2CF09227B}.Release|Any CPU.ActiveCfg = Release|Any CPU
		{05750381-86FF-4559-B8A6-18E2CF09227B}.Release|Any CPU.Build.0 = Release|Any CPU
	EndGlobalSection
	GlobalSection(SolutionProperties) = preSolution
		HideSolutionNode = FALSE
	EndGlobalSection
	GlobalSection(ExtensibilityGlobals) = postSolution
		SolutionGuid = {AED46504-0B01-4305-B278-1B5B48497C44}
	EndGlobalSection
EndGlobal
