
Microsoft Visual Studio Solution File, Format Version 12.00
# Visual Studio Version 17
VisualStudioVersion = 17.8.34004.107
MinimumVisualStudioVersion = 10.0.40219.1
Project("{FAE04EC0-301F-11D3-BF4B-00C04F79EFBC}") = "UsingAlias_Framework", "UsingAlias_Framework\UsingAlias_Framework.csproj", "{0D5E4DEC-CA70-4593-90A3-FAFC4DBE84DF}"
EndProject
Project("{9A19103F-16F7-4668-BE54-9A1E7A4F7556}") = "UsingAlias_Core", "UsingAlias_Core\UsingAlias_Core.csproj", "{05750381-86FF-4559-B8A6-18E2CF09227B}"
EndProject
Project("{9A19103F-16F7-4668-BE54-9A1E7A4F7556}") = "ProjectReference", "ProjectReference\ProjectReference.csproj", "{2041E0D4-6C41-4C69-AE45-BC9761BC3D27}"
EndProject
Project("{9A19103F-16F7-4668-BE54-9A1E7A4F7556}") = "Multitarget", "Multitarget\Multitarget.csproj", "{02C8EF6C-D3C2-487E-91D6-BFCE0381320A}"
EndProject
Project("{9A19103F-16F7-4668-BE54-9A1E7A4F7556}") = "NotSetLangVersion", "NotSetLangVersion\NotSetLangVersion.csproj", "{8ADB6C0B-C926-4200-8607-D96C564E9FAE}"
EndProject
Project("{D954291E-2A0B-460D-934E-DC6B0785DB48}") = "SharedProject", "SharedProject\SharedProject.shproj", "{3D9C48BF-9237-444F-87D2-BF34DF509A4B}"
EndProject
Project("{2150E333-8FDC-42A3-9474-1A3956D46DE8}") = "Solution Items", "Solution Items", "{C3441AA9-B591-43EB-8C6D-D61C4AEE3F01}"
	ProjectSection(SolutionItems) = preProject
		TODO.txt = TODO.txt
	EndProjectSection
EndProject
Project("{9A19103F-16F7-4668-BE54-9A1E7A4F7556}") = "PackageProject", "PackageProject\PackageProject.csproj", "{E7B17481-48BB-4A90-AB3D-ECAFC76BB7C4}"
EndProject
Project("{2150E333-8FDC-42A3-9474-1A3956D46DE8}") = "nuget", "nuget", "{C2231292-7E70-49AC-B51F-EB2FAE098818}"
	ProjectSection(SolutionItems) = preProject
		nuget\PackageProject.1.0.0.nupkg = nuget\PackageProject.1.0.0.nupkg
	EndProjectSection
EndProject
Global
	GlobalSection(SolutionConfigurationPlatforms) = preSolution
		Debug|Any CPU = Debug|Any CPU
		Release|Any CPU = Release|Any CPU
	EndGlobalSection
	GlobalSection(ProjectConfigurationPlatforms) = postSolution
		{0D5E4DEC-CA70-4593-90A3-FAFC4DBE84DF}.Debug|Any CPU.ActiveCfg = Debug|Any CPU
		{0D5E4DEC-CA70-4593-90A3-FAFC4DBE84DF}.Debug|Any CPU.Build.0 = Debug|Any CPU
		{0D5E4DEC-CA70-4593-90A3-FAFC4DBE84DF}.Release|Any CPU.ActiveCfg = Release|Any CPU
		{0D5E4DEC-CA70-4593-90A3-FAFC4DBE84DF}.Release|Any CPU.Build.0 = Release|Any CPU
		{05750381-86FF-4559-B8A6-18E2CF09227B}.Debug|Any CPU.ActiveCfg = Debug|Any CPU
		{05750381-86FF-4559-B8A6-18E2CF09227B}.Debug|Any CPU.Build.0 = Debug|Any CPU
		{05750381-86FF-4559-B8A6-18E2CF09227B}.Release|Any CPU.ActiveCfg = Release|Any CPU
		{05750381-86FF-4559-B8A6-18E2CF09227B}.Release|Any CPU.Build.0 = Release|Any CPU
		{2041E0D4-6C41-4C69-AE45-BC9761BC3D27}.Debug|Any CPU.ActiveCfg = Debug|Any CPU
		{2041E0D4-6C41-4C69-AE45-BC9761BC3D27}.Debug|Any CPU.Build.0 = Debug|Any CPU
		{2041E0D4-6C41-4C69-AE45-BC9761BC3D27}.Release|Any CPU.ActiveCfg = Release|Any CPU
		{2041E0D4-6C41-4C69-AE45-BC9761BC3D27}.Release|Any CPU.Build.0 = Release|Any CPU
		{02C8EF6C-D3C2-487E-91D6-BFCE0381320A}.Debug|Any CPU.ActiveCfg = Debug|Any CPU
		{02C8EF6C-D3C2-487E-91D6-BFCE0381320A}.Debug|Any CPU.Build.0 = Debug|Any CPU
		{02C8EF6C-D3C2-487E-91D6-BFCE0381320A}.Release|Any CPU.ActiveCfg = Release|Any CPU
		{02C8EF6C-D3C2-487E-91D6-BFCE0381320A}.Release|Any CPU.Build.0 = Release|Any CPU
		{8ADB6C0B-C926-4200-8607-D96C564E9FAE}.Debug|Any CPU.ActiveCfg = Debug|Any CPU
		{8ADB6C0B-C926-4200-8607-D96C564E9FAE}.Debug|Any CPU.Build.0 = Debug|Any CPU
		{8ADB6C0B-C926-4200-8607-D96C564E9FAE}.Release|Any CPU.ActiveCfg = Release|Any CPU
		{8ADB6C0B-C926-4200-8607-D96C564E9FAE}.Release|Any CPU.Build.0 = Release|Any CPU
		{E7B17481-48BB-4A90-AB3D-ECAFC76BB7C4}.Debug|Any CPU.ActiveCfg = Debug|Any CPU
		{E7B17481-48BB-4A90-AB3D-ECAFC76BB7C4}.Debug|Any CPU.Build.0 = Debug|Any CPU
		{E7B17481-48BB-4A90-AB3D-ECAFC76BB7C4}.Release|Any CPU.ActiveCfg = Release|Any CPU
		{E7B17481-48BB-4A90-AB3D-ECAFC76BB7C4}.Release|Any CPU.Build.0 = Release|Any CPU
	EndGlobalSection
	GlobalSection(SolutionProperties) = preSolution
		HideSolutionNode = FALSE
	EndGlobalSection
	GlobalSection(ExtensibilityGlobals) = postSolution
		SolutionGuid = {AED46504-0B01-4305-B278-1B5B48497C44}
	EndGlobalSection
	GlobalSection(SharedMSBuildProjectFiles) = preSolution
		SharedProject\SharedProject.projitems*{02c8ef6c-d3c2-487e-91d6-bfce0381320a}*SharedItemsImports = 5
		SharedProject\SharedProject.projitems*{05750381-86ff-4559-b8a6-18e2cf09227b}*SharedItemsImports = 5
		SharedProject\SharedProject.projitems*{0d5e4dec-ca70-4593-90a3-fafc4dbe84df}*SharedItemsImports = 4
		SharedProject\SharedProject.projitems*{3d9c48bf-9237-444f-87d2-bf34df509a4b}*SharedItemsImports = 13
	EndGlobalSection
EndGlobal
